
Microsoft Visual Studio Solution File, Format Version 12.00
# Visual Studio 15
VisualStudioVersion = 15.0.28307.757
MinimumVisualStudioVersion = 10.0.40219.1
Project("{FAE04EC0-301F-11D3-BF4B-00C04F79EFBC}") = "Gateaway", "Gateaway\Gateaway.csproj", "{CF7C7C0A-CB99-4913-B57C-673E29D4599F}"
EndProject
Project("{FAE04EC0-301F-11D3-BF4B-00C04F79EFBC}") = "WebApiA", "WebApiA\WebApiA.csproj", "{24852C9F-00CF-40D6-9446-8C5F61BD2A7C}"
EndProject
Project("{FAE04EC0-301F-11D3-BF4B-00C04F79EFBC}") = "WebApiB", "WebApiB\WebApiB.csproj", "{8897EADE-B895-44C2-90E0-0AA765E3751D}"
EndProject
Global
	GlobalSection(SolutionConfigurationPlatforms) = preSolution
		Debug|Any CPU = Debug|Any CPU
		Release|Any CPU = Release|Any CPU
	EndGlobalSection
	GlobalSection(ProjectConfigurationPlatforms) = postSolution
		{CF7C7C0A-CB99-4913-B57C-673E29D4599F}.Debug|Any CPU.ActiveCfg = Debug|Any CPU
		{CF7C7C0A-CB99-4913-B57C-673E29D4599F}.Debug|Any CPU.Build.0 = Debug|Any CPU
		{CF7C7C0A-CB99-4913-B57C-673E29D4599F}.Release|Any CPU.ActiveCfg = Release|Any CPU
		{CF7C7C0A-CB99-4913-B57C-673E29D4599F}.Release|Any CPU.Build.0 = Release|Any CPU
		{24852C9F-00CF-40D6-9446-8C5F61BD2A7C}.Debug|Any CPU.ActiveCfg = Debug|Any CPU
		{24852C9F-00CF-40D6-9446-8C5F61BD2A7C}.Debug|Any CPU.Build.0 = Debug|Any CPU
		{24852C9F-00CF-40D6-9446-8C5F61BD2A7C}.Release|Any CPU.ActiveCfg = Release|Any CPU
		{24852C9F-00CF-40D6-9446-8C5F61BD2A7C}.Release|Any CPU.Build.0 = Release|Any CPU
		{8897EADE-B895-44C2-90E0-0AA765E3751D}.Debug|Any CPU.ActiveCfg = Debug|Any CPU
		{8897EADE-B895-44C2-90E0-0AA765E3751D}.Debug|Any CPU.Build.0 = Debug|Any CPU
		{8897EADE-B895-44C2-90E0-0AA765E3751D}.Release|Any CPU.ActiveCfg = Release|Any CPU
		{8897EADE-B895-44C2-90E0-0AA765E3751D}.Release|Any CPU.Build.0 = Release|Any CPU
	EndGlobalSection
	GlobalSection(SolutionProperties) = preSolution
		HideSolutionNode = FALSE
	EndGlobalSection
	GlobalSection(ExtensibilityGlobals) = postSolution
		SolutionGuid = {9D323F78-A3B7-42A7-A435-21BA253E3698}
	EndGlobalSection
EndGlobal
