
Microsoft Visual Studio Solution File, Format Version 12.00
# Visual Studio 15
VisualStudioVersion = 15.0.28307.757
MinimumVisualStudioVersion = 10.0.40219.1
Project("{FAE04EC0-301F-11D3-BF4B-00C04F79EFBC}") = "WebELK", "WebELK\WebELK.csproj", "{6EBEC048-8F54-48B6-86C3-CEE82CB186F9}"
EndProject
Global
	GlobalSection(SolutionConfigurationPlatforms) = preSolution
		Debug|Any CPU = Debug|Any CPU
		Release|Any CPU = Release|Any CPU
	EndGlobalSection
	GlobalSection(ProjectConfigurationPlatforms) = postSolution
		{6EBEC048-8F54-48B6-86C3-CEE82CB186F9}.Debug|Any CPU.ActiveCfg = Debug|Any CPU
		{6EBEC048-8F54-48B6-86C3-CEE82CB186F9}.Debug|Any CPU.Build.0 = Debug|Any CPU
		{6EBEC048-8F54-48B6-86C3-CEE82CB186F9}.Release|Any CPU.ActiveCfg = Release|Any CPU
		{6EBEC048-8F54-48B6-86C3-CEE82CB186F9}.Release|Any CPU.Build.0 = Release|Any CPU
	EndGlobalSection
	GlobalSection(SolutionProperties) = preSolution
		HideSolutionNode = FALSE
	EndGlobalSection
	GlobalSection(ExtensibilityGlobals) = postSolution
		SolutionGuid = {24BB75FB-598E-45F7-9F50-199AA94DD81C}
	EndGlobalSection
EndGlobal
