
Microsoft Visual Studio Solution File, Format Version 12.00
# Visual Studio Version 16
VisualStudioVersion = 16.0.29613.14
MinimumVisualStudioVersion = 10.0.40219.1
Project("{9A19103F-16F7-4668-BE54-9A1E7A4F7556}") = "CodeGenerator", "CodeGenerator\CodeGenerator.csproj", "{D2625458-B375-4059-ABC9-3263531A6CA9}"
EndProject
Global
	GlobalSection(SolutionConfigurationPlatforms) = preSolution
		Debug|Any CPU = Debug|Any CPU
		Release|Any CPU = Release|Any CPU
	EndGlobalSection
	GlobalSection(ProjectConfigurationPlatforms) = postSolution
		{D2625458-B375-4059-ABC9-3263531A6CA9}.Debug|Any CPU.ActiveCfg = Debug|Any CPU
		{D2625458-B375-4059-ABC9-3263531A6CA9}.Debug|Any CPU.Build.0 = Debug|Any CPU
		{D2625458-B375-4059-ABC9-3263531A6CA9}.Release|Any CPU.ActiveCfg = Release|Any CPU
		{D2625458-B375-4059-ABC9-3263531A6CA9}.Release|Any CPU.Build.0 = Release|Any CPU
	EndGlobalSection
	GlobalSection(SolutionProperties) = preSolution
		HideSolutionNode = FALSE
	EndGlobalSection
	GlobalSection(ExtensibilityGlobals) = postSolution
		SolutionGuid = {139BBAEB-36C7-4407-8129-A5B908E94A4D}
	EndGlobalSection
EndGlobal
