
Microsoft Visual Studio Solution File, Format Version 12.00
# Visual Studio Version 16
VisualStudioVersion = 16.0.29613.14
MinimumVisualStudioVersion = 10.0.40219.1
Project("{9A19103F-16F7-4668-BE54-9A1E7A4F7556}") = "MyUnitTest", "MyUnitTest\MyUnitTest.csproj", "{361D69B5-B5F6-4F76-9F3C-59E5332D2383}"
EndProject
Project("{FAE04EC0-301F-11D3-BF4B-00C04F79EFBC}") = "XUnitTestProject1", "XUnitTestProject1\XUnitTestProject1.csproj", "{5783C8A3-A8E9-4E3A-A7AF-367699B29100}"
EndProject
Global
	GlobalSection(SolutionConfigurationPlatforms) = preSolution
		Debug|Any CPU = Debug|Any CPU
		Release|Any CPU = Release|Any CPU
	EndGlobalSection
	GlobalSection(ProjectConfigurationPlatforms) = postSolution
		{361D69B5-B5F6-4F76-9F3C-59E5332D2383}.Debug|Any CPU.ActiveCfg = Debug|Any CPU
		{361D69B5-B5F6-4F76-9F3C-59E5332D2383}.Debug|Any CPU.Build.0 = Debug|Any CPU
		{361D69B5-B5F6-4F76-9F3C-59E5332D2383}.Release|Any CPU.ActiveCfg = Release|Any CPU
		{361D69B5-B5F6-4F76-9F3C-59E5332D2383}.Release|Any CPU.Build.0 = Release|Any CPU
		{5783C8A3-A8E9-4E3A-A7AF-367699B29100}.Debug|Any CPU.ActiveCfg = Debug|Any CPU
		{5783C8A3-A8E9-4E3A-A7AF-367699B29100}.Debug|Any CPU.Build.0 = Debug|Any CPU
		{5783C8A3-A8E9-4E3A-A7AF-367699B29100}.Release|Any CPU.ActiveCfg = Release|Any CPU
		{5783C8A3-A8E9-4E3A-A7AF-367699B29100}.Release|Any CPU.Build.0 = Release|Any CPU
	EndGlobalSection
	GlobalSection(SolutionProperties) = preSolution
		HideSolutionNode = FALSE
	EndGlobalSection
	GlobalSection(ExtensibilityGlobals) = postSolution
		SolutionGuid = {AEBED1D6-D46F-4315-BBFC-510288EE1167}
	EndGlobalSection
EndGlobal
